
Microsoft Visual Studio Solution File, Format Version 12.00
# Visual Studio Version 17
VisualStudioVersion = 17.14.36930.0 d17.14
MinimumVisualStudioVersion = 10.0.40219.1
Project("{2150E333-8FDC-42A3-9474-1A3956D46DE8}") = "Source", "Source", "{02EA681E-C7D8-13C7-8484-4AC65E1B71E8}"
EndProject
Project("{2150E333-8FDC-42A3-9474-1A3956D46DE8}") = "Tests", "Tests", "{E7BFA344-FC93-4A7C-A9DC-A0B54157BD29}"
EndProject
Project("{2150E333-8FDC-42A3-9474-1A3956D46DE8}") = "PMS.WebAPI", "PMS.WebAPI", "{57F78574-63B9-4FD9-9A76-694B64F9117E}"
EndProject
Project("{FAE04EC0-301F-11D3-BF4B-00C04F79EFBC}") = "PMS.WebAPI", "PMS.WebAPI\PMS.WebAPI.csproj", "{1BB698C0-18F0-4DE9-8D14-B7E8D9699590}"
EndProject
Project("{2150E333-8FDC-42A3-9474-1A3956D46DE8}") = "PMS.Business", "PMS.Business", "{B4CA1458-6EBE-4A25-AC07-7203A0DB2023}"
EndProject
Project("{FAE04EC0-301F-11D3-BF4B-00C04F79EFBC}") = "PMS.Business", "PMS.Business\PMS.Business.csproj", "{C6F75250-BB55-486B-8D07-C1C6E3DF50DB}"
EndProject
Project("{2150E333-8FDC-42A3-9474-1A3956D46DE8}") = "PMS.DTO", "PMS.DTO", "{9E99647B-257A-4C7E-90E2-01EF63F631F6}"
EndProject
Project("{FAE04EC0-301F-11D3-BF4B-00C04F79EFBC}") = "PMS.DTO", "PMS.DTO\PMS.DTO.csproj", "{D5F8C65C-EEF2-4308-8295-92191E182756}"
EndProject
Project("{2150E333-8FDC-42A3-9474-1A3956D46DE8}") = "PMS.Common", "PMS.Common", "{788293E0-7C42-45EC-88F1-98075CE026C7}"
EndProject
Project("{FAE04EC0-301F-11D3-BF4B-00C04F79EFBC}") = "PMS.Common", "PMS.Common\PMS.Common.csproj", "{C3F0CEC8-82CD-434B-A4E9-F61F19188564}"
EndProject
Project("{2150E333-8FDC-42A3-9474-1A3956D46DE8}") = "PMS.Repository", "PMS.Repository", "{D3EDA258-D4A0-4E48-8EDF-F4CFC74B3CCE}"
EndProject
Project("{FAE04EC0-301F-11D3-BF4B-00C04F79EFBC}") = "PMS.Repository", "PMS.Repository\PMS.Repository.csproj", "{DB35A3C6-344A-49F8-AE56-D2D0FF644929}"
EndProject
Global
	GlobalSection(SolutionConfigurationPlatforms) = preSolution
		Debug|Any CPU = Debug|Any CPU
		Release|Any CPU = Release|Any CPU
	EndGlobalSection
	GlobalSection(ProjectConfigurationPlatforms) = postSolution
		{1BB698C0-18F0-4DE9-8D14-B7E8D9699590}.Debug|Any CPU.ActiveCfg = Debug|Any CPU
		{1BB698C0-18F0-4DE9-8D14-B7E8D9699590}.Debug|Any CPU.Build.0 = Debug|Any CPU
		{1BB698C0-18F0-4DE9-8D14-B7E8D9699590}.Release|Any CPU.ActiveCfg = Release|Any CPU
		{1BB698C0-18F0-4DE9-8D14-B7E8D9699590}.Release|Any CPU.Build.0 = Release|Any CPU
		{C6F75250-BB55-486B-8D07-C1C6E3DF50DB}.Debug|Any CPU.ActiveCfg = Debug|Any CPU
		{C6F75250-BB55-486B-8D07-C1C6E3DF50DB}.Debug|Any CPU.Build.0 = Debug|Any CPU
		{C6F75250-BB55-486B-8D07-C1C6E3DF50DB}.Release|Any CPU.ActiveCfg = Release|Any CPU
		{C6F75250-BB55-486B-8D07-C1C6E3DF50DB}.Release|Any CPU.Build.0 = Release|Any CPU
		{D5F8C65C-EEF2-4308-8295-92191E182756}.Debug|Any CPU.ActiveCfg = Debug|Any CPU
		{D5F8C65C-EEF2-4308-8295-92191E182756}.Debug|Any CPU.Build.0 = Debug|Any CPU
		{D5F8C65C-EEF2-4308-8295-92191E182756}.Release|Any CPU.ActiveCfg = Release|Any CPU
		{D5F8C65C-EEF2-4308-8295-92191E182756}.Release|Any CPU.Build.0 = Release|Any CPU
		{C3F0CEC8-82CD-434B-A4E9-F61F19188564}.Debug|Any CPU.ActiveCfg = Debug|Any CPU
		{C3F0CEC8-82CD-434B-A4E9-F61F19188564}.Debug|Any CPU.Build.0 = Debug|Any CPU
		{C3F0CEC8-82CD-434B-A4E9-F61F19188564}.Release|Any CPU.ActiveCfg = Release|Any CPU
		{C3F0CEC8-82CD-434B-A4E9-F61F19188564}.Release|Any CPU.Build.0 = Release|Any CPU
		{DB35A3C6-344A-49F8-AE56-D2D0FF644929}.Debug|Any CPU.ActiveCfg = Debug|Any CPU
		{DB35A3C6-344A-49F8-AE56-D2D0FF644929}.Debug|Any CPU.Build.0 = Debug|Any CPU
		{DB35A3C6-344A-49F8-AE56-D2D0FF644929}.Release|Any CPU.ActiveCfg = Release|Any CPU
		{DB35A3C6-344A-49F8-AE56-D2D0FF644929}.Release|Any CPU.Build.0 = Release|Any CPU
	EndGlobalSection
	GlobalSection(SolutionProperties) = preSolution
		HideSolutionNode = FALSE
	EndGlobalSection
	GlobalSection(NestedProjects) = preSolution
		{57F78574-63B9-4FD9-9A76-694B64F9117E} = {02EA681E-C7D8-13C7-8484-4AC65E1B71E8}
		{1BB698C0-18F0-4DE9-8D14-B7E8D9699590} = {57F78574-63B9-4FD9-9A76-694B64F9117E}
		{B4CA1458-6EBE-4A25-AC07-7203A0DB2023} = {02EA681E-C7D8-13C7-8484-4AC65E1B71E8}
		{C6F75250-BB55-486B-8D07-C1C6E3DF50DB} = {B4CA1458-6EBE-4A25-AC07-7203A0DB2023}
		{9E99647B-257A-4C7E-90E2-01EF63F631F6} = {02EA681E-C7D8-13C7-8484-4AC65E1B71E8}
		{D5F8C65C-EEF2-4308-8295-92191E182756} = {9E99647B-257A-4C7E-90E2-01EF63F631F6}
		{788293E0-7C42-45EC-88F1-98075CE026C7} = {02EA681E-C7D8-13C7-8484-4AC65E1B71E8}
		{C3F0CEC8-82CD-434B-A4E9-F61F19188564} = {788293E0-7C42-45EC-88F1-98075CE026C7}
		{D3EDA258-D4A0-4E48-8EDF-F4CFC74B3CCE} = {02EA681E-C7D8-13C7-8484-4AC65E1B71E8}
		{DB35A3C6-344A-49F8-AE56-D2D0FF644929} = {D3EDA258-D4A0-4E48-8EDF-F4CFC74B3CCE}
	EndGlobalSection
	GlobalSection(ExtensibilityGlobals) = postSolution
		SolutionGuid = {4A3B0D17-8F90-477B-99ED-59FE47476D61}
	EndGlobalSection
EndGlobal
